{
  "version": 4,
  "terraform_version": "1.5.0",
  "serial": 50,
  "lineage": "2c4e9964-9d03-5432-2c23-27b5ff0eb3d6",
  "outputs": {
    "client_certificate": {
      "value": "",
      "type": "string"
    },
    "client_key": {
      "value": "",
      "type": "string",
      "sensitive": true
    },
    "cluster_ca_certificate": {
      "value": "-----BEGIN CERTIFICATE-----\nMIIELTCCApWgAwIBAgIRALBZarG0fyYm3MSFU4c717AwDQYJKoZIhvcNAQELBQAw\nLzEtMCsGA1UEAxMkYzU3NTk2OTUtNTllMC00YzlmLWJhMTUtODM3NDYwNDhhMjUx\nMCAXDTI0MDcxMDE4Mjg0MFoYDzIwNTQwNzAzMTkyODQwWjAvMS0wKwYDVQQDEyRj\nNTc1OTY5NS01OWUwLTRjOWYtYmExNS04Mzc0NjA0OGEyNTEwggGiMA0GCSqGSIb3\nDQEBAQUAA4IBjwAwggGKAoIBgQDRX4hcxDOFzgFVzXB/DX+AkbWEHi5Iv2gFCWDK\n/yy9SLUZ1SkzRR8eOtdOcyYRxmxzYnC1K/UGQsni86luWHsxBNVMmhYY2ClSdNMD\nh+g3MKQBrXmeVY4zMhS1yVoPiOkyCsR7G62hm2nQmHjqakaYFkhW3SrlR62FSJfL\njNjwFQgzwwNtRSzhCLdpCLOL+T/NtWu3qH6GO1EdJSzue5xOhErlJ2gJkF5ypPTJ\nLekd34Fc/VXXpC19nxqxrVo9R4MrBqQDRgyCTqyNr5Fm+HM9oDmW1YBtzidotD2B\nBxS3Mjh3wlsOX2AyUBmsP1WOYjQ+Lvwzl0kTd+LG9nAQRXh/110g48rpwEfT6i2/\nAUfMz8jithqNnZbdDMn9ISE1AeJF3GtPFMoPyFGziymypKS8OpIDus8OcQXsDKeq\nSZzHLESL9IQItwYq2QSFQCI3g7mqD1XQW1jOic5SkiJmfo5C/AN5RqLvV3GyTS2+\n22GCvJ5UlMfrnT+vCFTyeKtpJbMCAwEAAaNCMEAwDgYDVR0PAQH/BAQDAgIEMA8G\nA1UdEwEB/wQFMAMBAf8wHQYDVR0OBBYEFGL+D9j1JpNWTNcEKlXku2xNkmwbMA0G\nCSqGSIb3DQEBCwUAA4IBgQBzaigsbScLA8oaxJKzUMjCvDQ0xr64f07zQ43UqfLm\nQmY6OwT+HAIUhgo4Joo3Yzxka6h6e8sJcnqrkIDnIJ4nxcUjcH222ET+X8Rc0fJc\nQ9zGC8VoZHdFz+lcBEsQUJbbbuovmCMSnWnUhxufgpBw/q8tkrbthcYlAofBEX6M\nv/oYj85783wuy4sYcey7dauv8eUWz2hJcZLqggHpC65Nrg63rPY13p7Fs9fx3o71\nVqmYBCYfCypTNLoxEvLYO/5ljEAj7dRg57d7VNRKEmEplCAlLggKyP7oOeAsPDxn\na6gh45Q4ALQdDHtUdbBlN3mWVfCXLqwNFQAN4E3oSNs1kYnESRF9cMng7v1Kk3X9\nCQ/d2AmgMgauncQY5WqdB0g+GBoskCNtL7J/C7n9OoLSzNk6A8J1wF/D8Oaxo196\n/gTdNiOgfoezEk4qx/hD7Xan7qK4JXLb7pfzytcjAiyYbTzROWxJZSycso/Da7ir\n9LvQ4q9btRlvp1lxJ8y0/3E=\n-----END CERTIFICATE-----\n",
      "type": "string"
    },
    "kubeconfig": {
      "value": "35.195.176.209",
      "type": "string"
    }
  },
  "resources": [
    {
      "mode": "managed",
      "type": "google_container_cluster",
      "name": "primary",
      "provider": "provider[\"registry.terraform.io/hashicorp/google\"]",
      "instances": [
        {
          "schema_version": 2,
          "attributes": {
            "addons_config": [
              {
                "cloudrun_config": [],
                "config_connector_config": [],
                "dns_cache_config": [],
                "gce_persistent_disk_csi_driver_config": [
                  {
                    "enabled": true
                  }
                ],
                "gcp_filestore_csi_driver_config": [],
                "gcs_fuse_csi_driver_config": [],
                "gke_backup_agent_config": [],
                "horizontal_pod_autoscaling": [],
                "http_load_balancing": [],
                "network_policy_config": [
                  {
                    "disabled": true
                  }
                ],
                "stateful_ha_config": []
              }
            ],
            "allow_net_admin": null,
            "authenticator_groups_config": [],
            "binary_authorization": [
              {
                "enabled": false,
                "evaluation_mode": ""
              }
            ],
            "cluster_autoscaling": [
              {
                "auto_provisioning_defaults": [],
                "autoscaling_profile": "BALANCED",
                "enabled": false,
                "resource_limits": []
              }
            ],
            "cluster_ipv4_cidr": "10.76.0.0/14",
            "confidential_nodes": [],
            "cost_management_config": [],
            "database_encryption": [
              {
                "key_name": "",
                "state": "DECRYPTED"
              }
            ],
            "datapath_provider": "",
            "default_max_pods_per_node": 110,
            "default_snat_status": [
              {
                "disabled": false
              }
            ],
            "deletion_protection": false,
            "description": "",
            "dns_config": [],
            "enable_autopilot": false,
            "enable_cilium_clusterwide_network_policy": false,
            "enable_intranode_visibility": false,
            "enable_k8s_beta_apis": [],
            "enable_kubernetes_alpha": false,
            "enable_l4_ilb_subsetting": false,
            "enable_legacy_abac": false,
            "enable_shielded_nodes": true,
            "enable_tpu": false,
            "endpoint": "35.195.176.209",
            "fleet": [],
            "gateway_api_config": [],
            "id": "projects/lofty-shine-427016-t2/locations/europe-west1-d/clusters/my-gke-cluster",
            "identity_service_config": [],
            "initial_node_count": 1,
            "ip_allocation_policy": [
              {
                "additional_pod_ranges_config": [],
                "cluster_ipv4_cidr_block": "10.76.0.0/14",
                "cluster_secondary_range_name": "gke-my-gke-cluster-pods-23cb415a",
                "pod_cidr_overprovision_config": [
                  {
                    "disabled": false
                  }
                ],
                "services_ipv4_cidr_block": "34.118.224.0/20",
                "services_secondary_range_name": "",
                "stack_type": "IPV4"
              }
            ],
            "label_fingerprint": "a9dc16a7",
            "location": "europe-west1-d",
            "logging_config": [
              {
                "enable_components": [
                  "SYSTEM_COMPONENTS",
                  "WORKLOADS"
                ]
              }
            ],
            "logging_service": "logging.googleapis.com/kubernetes",
            "maintenance_policy": [],
            "master_auth": [
              {
                "client_certificate": "",
                "client_certificate_config": [
                  {
                    "issue_client_certificate": false
                  }
                ],
                "client_key": "",
                "cluster_ca_certificate": "LS0tLS1CRUdJTiBDRVJUSUZJQ0FURS0tLS0tCk1JSUVMVENDQXBXZ0F3SUJBZ0lSQUxCWmFyRzBmeVltM01TRlU0YzcxN0F3RFFZSktvWklodmNOQVFFTEJRQXcKTHpFdE1Dc0dBMVVFQXhNa1l6VTNOVGsyT1RVdE5UbGxNQzAwWXpsbUxXSmhNVFV0T0RNM05EWXdORGhoTWpVeApNQ0FYRFRJME1EY3hNREU0TWpnME1Gb1lEekl3TlRRd056QXpNVGt5T0RRd1dqQXZNUzB3S3dZRFZRUURFeVJqCk5UYzFPVFk1TlMwMU9XVXdMVFJqT1dZdFltRXhOUzA0TXpjME5qQTBPR0V5TlRFd2dnR2lNQTBHQ1NxR1NJYjMKRFFFQkFRVUFBNElCandBd2dnR0tBb0lCZ1FEUlg0aGN4RE9GemdGVnpYQi9EWCtBa2JXRUhpNUl2MmdGQ1dESwoveXk5U0xVWjFTa3pSUjhlT3RkT2N5WVJ4bXh6WW5DMUsvVUdRc25pODZsdVdIc3hCTlZNbWhZWTJDbFNkTk1ECmgrZzNNS1FCclhtZVZZNHpNaFMxeVZvUGlPa3lDc1I3RzYyaG0yblFtSGpxYWthWUZraFczU3JsUjYyRlNKZkwKak5qd0ZRZ3p3d050UlN6aENMZHBDTE9MK1QvTnRXdTNxSDZHTzFFZEpTenVlNXhPaEVybEoyZ0prRjV5cFBUSgpMZWtkMzRGYy9WWFhwQzE5bnhxeHJWbzlSNE1yQnFRRFJneUNUcXlOcjVGbStITTlvRG1XMVlCdHppZG90RDJCCkJ4UzNNamgzd2xzT1gyQXlVQm1zUDFXT1lqUStMdnd6bDBrVGQrTEc5bkFRUlhoLzExMGc0OHJwd0VmVDZpMi8KQVVmTXo4aml0aHFOblpiZERNbjlJU0UxQWVKRjNHdFBGTW9QeUZHeml5bXlwS1M4T3BJRHVzOE9jUVhzREtlcQpTWnpITEVTTDlJUUl0d1lxMlFTRlFDSTNnN21xRDFYUVcxak9pYzVTa2lKbWZvNUMvQU41UnFMdlYzR3lUUzIrCjIyR0N2SjVVbE1mcm5UK3ZDRlR5ZUt0cEpiTUNBd0VBQWFOQ01FQXdEZ1lEVlIwUEFRSC9CQVFEQWdJRU1BOEcKQTFVZEV3RUIvd1FGTUFNQkFmOHdIUVlEVlIwT0JCWUVGR0wrRDlqMUpwTldUTmNFS2xYa3UyeE5rbXdiTUEwRwpDU3FHU0liM0RRRUJDd1VBQTRJQmdRQnphaWdzYlNjTEE4b2F4Skt6VU1qQ3ZEUTB4cjY0ZjA3elE0M1VxZkxtClFtWTZPd1QrSEFJVWhnbzRKb28zWXp4a2E2aDZlOHNKY25xcmtJRG5JSjRueGNVamNIMjIyRVQrWDhSYzBmSmMKUTl6R0M4Vm9aSGRGeitsY0JFc1FVSmJiYnVvdm1DTVNuV25VaHh1ZmdwQncvcTh0a3JidGhjWWxBb2ZCRVg2TQp2L29Zajg1Nzgzd3V5NHNZY2V5N2RhdXY4ZVVXejJoSmNaTHFnZ0hwQzY1TnJnNjNyUFkxM3A3RnM5ZngzbzcxClZxbVlCQ1lmQ3lwVE5Mb3hFdkxZTy81bGpFQWo3ZFJnNTdkN1ZOUktFbUVwbENBbExnZ0t5UDdvT2VBc1BEeG4KYTZnaDQ1UTRBTFFkREh0VWRiQmxOM21XVmZDWExxd05GUUFONEUzb1NOczFrWW5FU1JGOWNNbmc3djFLazNYOQpDUS9kMkFtZ01nYXVuY1FZNVdxZEIwZytHQm9za0NOdEw3Si9DN245T29MU3pOazZBOEoxd0YvRDhPYXhvMTk2Ci9nVGROaU9nZm9lekVrNHF4L2hEN1hhbjdxSzRKWExiN3Bmenl0Y2pBaXlZYlR6Uk9XeEpaU3ljc28vRGE3aXIKOUx2UTRxOWJ0Umx2cDFseEo4eTAvM0U9Ci0tLS0tRU5EIENFUlRJRklDQVRFLS0tLS0K"
              }
            ],
            "master_authorized_networks_config": [],
            "master_version": "1.29.4-gke.1043004",
            "mesh_certificates": [],
            "min_master_version": null,
            "monitoring_config": [
              {
                "advanced_datapath_observability_config": [
                  {
                    "enable_metrics": false,
                    "enable_relay": false,
                    "relay_mode": "DISABLED"
                  }
                ],
                "enable_components": [
                  "SYSTEM_COMPONENTS"
                ],
                "managed_prometheus": [
                  {
                    "enabled": true
                  }
                ]
              }
            ],
            "monitoring_service": "monitoring.googleapis.com/kubernetes",
            "name": "my-gke-cluster",
            "network": "projects/lofty-shine-427016-t2/global/networks/default",
            "network_policy": [
              {
                "enabled": false,
                "provider": "PROVIDER_UNSPECIFIED"
              }
            ],
            "networking_mode": "VPC_NATIVE",
            "node_config": [
              {
                "advanced_machine_features": [],
                "boot_disk_kms_key": "",
                "confidential_nodes": [],
                "containerd_config": [],
                "disk_size_gb": 100,
                "disk_type": "pd-balanced",
                "effective_taints": [],
                "enable_confidential_storage": false,
                "ephemeral_storage_local_ssd_config": [],
                "fast_socket": [],
                "gcfs_config": [],
                "guest_accelerator": [],
                "gvnic": [],
                "host_maintenance_policy": [],
                "image_type": "COS_CONTAINERD",
                "kubelet_config": [],
                "labels": {},
                "linux_node_config": [],
                "local_nvme_ssd_block_config": [],
                "local_ssd_count": 0,
                "logging_variant": "DEFAULT",
                "machine_type": "e2-medium",
                "metadata": {
                  "disable-legacy-endpoints": "true"
                },
                "min_cpu_platform": "",
                "node_group": "",
                "oauth_scopes": [
                  "https://www.googleapis.com/auth/devstorage.read_only",
                  "https://www.googleapis.com/auth/logging.write",
                  "https://www.googleapis.com/auth/monitoring",
                  "https://www.googleapis.com/auth/service.management.readonly",
                  "https://www.googleapis.com/auth/servicecontrol",
                  "https://www.googleapis.com/auth/trace.append"
                ],
                "preemptible": false,
                "reservation_affinity": [],
                "resource_labels": null,
                "resource_manager_tags": null,
                "secondary_boot_disks": [],
                "service_account": "default",
                "shielded_instance_config": [
                  {
                    "enable_integrity_monitoring": true,
                    "enable_secure_boot": false
                  }
                ],
                "sole_tenant_config": [],
                "spot": false,
                "tags": null,
                "taint": [],
                "workload_metadata_config": []
              }
            ],
            "node_locations": [],
            "node_pool": [
              {
                "autoscaling": [],
                "initial_node_count": 1,
                "instance_group_urls": [
                  "https://www.googleapis.com/compute/v1/projects/lofty-shine-427016-t2/zones/europe-west1-d/instanceGroupManagers/gke-my-gke-cluster-default-pool-fb5b2e85-grp"
                ],
                "managed_instance_group_urls": [
                  "https://www.googleapis.com/compute/v1/projects/lofty-shine-427016-t2/zones/europe-west1-d/instanceGroups/gke-my-gke-cluster-default-pool-fb5b2e85-grp"
                ],
                "management": [
                  {
                    "auto_repair": true,
                    "auto_upgrade": true
                  }
                ],
                "max_pods_per_node": 110,
                "name": "default-pool",
                "name_prefix": "",
                "network_config": [
                  {
                    "create_pod_range": false,
                    "enable_private_nodes": false,
                    "network_performance_config": [],
                    "pod_cidr_overprovision_config": [],
                    "pod_ipv4_cidr_block": "10.76.0.0/14",
                    "pod_range": "gke-my-gke-cluster-pods-23cb415a"
                  }
                ],
                "node_config": [
                  {
                    "advanced_machine_features": [],
                    "boot_disk_kms_key": "",
                    "confidential_nodes": [],
                    "containerd_config": [],
                    "disk_size_gb": 100,
                    "disk_type": "pd-balanced",
                    "effective_taints": [],
                    "enable_confidential_storage": false,
                    "ephemeral_storage_local_ssd_config": [],
                    "fast_socket": [],
                    "gcfs_config": [],
                    "guest_accelerator": [],
                    "gvnic": [],
                    "host_maintenance_policy": [],
                    "image_type": "COS_CONTAINERD",
                    "kubelet_config": [],
                    "labels": {},
                    "linux_node_config": [],
                    "local_nvme_ssd_block_config": [],
                    "local_ssd_count": 0,
                    "logging_variant": "DEFAULT",
                    "machine_type": "e2-medium",
                    "metadata": {
                      "disable-legacy-endpoints": "true"
                    },
                    "min_cpu_platform": "",
                    "node_group": "",
                    "oauth_scopes": [
                      "https://www.googleapis.com/auth/devstorage.read_only",
                      "https://www.googleapis.com/auth/logging.write",
                      "https://www.googleapis.com/auth/monitoring",
                      "https://www.googleapis.com/auth/service.management.readonly",
                      "https://www.googleapis.com/auth/servicecontrol",
                      "https://www.googleapis.com/auth/trace.append"
                    ],
                    "preemptible": false,
                    "reservation_affinity": [],
                    "resource_labels": {},
                    "resource_manager_tags": {},
                    "secondary_boot_disks": [],
                    "service_account": "default",
                    "shielded_instance_config": [
                      {
                        "enable_integrity_monitoring": true,
                        "enable_secure_boot": false
                      }
                    ],
                    "sole_tenant_config": [],
                    "spot": false,
                    "tags": [],
                    "taint": [],
                    "workload_metadata_config": []
                  }
                ],
                "node_count": 1,
                "node_locations": [
                  "europe-west1-d"
                ],
                "placement_policy": [],
                "queued_provisioning": [],
                "upgrade_settings": [
                  {
                    "blue_green_settings": [],
                    "max_surge": 1,
                    "max_unavailable": 0,
                    "strategy": "SURGE"
                  }
                ],
                "version": "1.29.4-gke.1043004"
              }
            ],
            "node_pool_auto_config": [],
            "node_pool_defaults": [
              {
                "node_config_defaults": [
                  {
                    "containerd_config": [],
                    "logging_variant": "DEFAULT"
                  }
                ]
              }
            ],
            "node_version": "1.29.4-gke.1043004",
            "notification_config": [
              {
                "pubsub": [
                  {
                    "enabled": false,
                    "filter": [],
                    "topic": ""
                  }
                ]
              }
            ],
            "operation": null,
            "private_cluster_config": [
              {
                "enable_private_endpoint": false,
                "enable_private_nodes": false,
                "master_global_access_config": [
                  {
                    "enabled": false
                  }
                ],
                "master_ipv4_cidr_block": "",
                "peering_name": "",
                "private_endpoint": "10.132.0.28",
                "private_endpoint_subnetwork": "",
                "public_endpoint": "35.195.176.209"
              }
            ],
            "private_ipv6_google_access": "",
            "project": "lofty-shine-427016-t2",
            "release_channel": [
              {
                "channel": "REGULAR"
              }
            ],
            "remove_default_node_pool": null,
            "resource_labels": null,
            "resource_usage_export_config": [],
            "security_posture_config": [
              {
                "mode": "BASIC",
                "vulnerability_mode": "VULNERABILITY_MODE_UNSPECIFIED"
              }
            ],
            "self_link": "https://container.googleapis.com/v1/projects/lofty-shine-427016-t2/zones/europe-west1-d/clusters/my-gke-cluster",
            "service_external_ips_config": [
              {
                "enabled": false
              }
            ],
            "services_ipv4_cidr": "34.118.224.0/20",
            "subnetwork": "projects/lofty-shine-427016-t2/regions/europe-west1/subnetworks/default",
            "timeouts": null,
            "tpu_ipv4_cidr_block": "",
            "vertical_pod_autoscaling": [],
            "workload_identity_config": []
          },
          "sensitive_attributes": [],
          "private": "eyJlMmJmYjczMC1lY2FhLTExZTYtOGY4OC0zNDM2M2JjN2M0YzAiOnsiY3JlYXRlIjoyNDAwMDAwMDAwMDAwLCJkZWxldGUiOjI0MDAwMDAwMDAwMDAsInJlYWQiOjI0MDAwMDAwMDAwMDAsInVwZGF0ZSI6MzYwMDAwMDAwMDAwMH0sInNjaGVtYV92ZXJzaW9uIjoiMiJ9"
        }
      ]
    },
    {
      "mode": "managed",
      "type": "google_container_node_pool",
      "name": "primary_nodes",
      "provider": "provider[\"registry.terraform.io/hashicorp/google\"]",
      "instances": [
        {
          "schema_version": 1,
          "attributes": {
            "autoscaling": [],
            "cluster": "my-gke-cluster",
            "id": "projects/lofty-shine-427016-t2/locations/europe-west1-d/clusters/my-gke-cluster/nodePools/terraform-20240710193557939600000001",
            "initial_node_count": 1,
            "instance_group_urls": [
              "https://www.googleapis.com/compute/v1/projects/lofty-shine-427016-t2/zones/europe-west1-d/instanceGroupManagers/gke-my-gke-cluster-terraform-20240710-fc5f5ad1-grp"
            ],
            "location": "europe-west1-d",
            "managed_instance_group_urls": [
              "https://www.googleapis.com/compute/v1/projects/lofty-shine-427016-t2/zones/europe-west1-d/instanceGroups/gke-my-gke-cluster-terraform-20240710-fc5f5ad1-grp"
            ],
            "management": [
              {
                "auto_repair": true,
                "auto_upgrade": true
              }
            ],
            "max_pods_per_node": 110,
            "name": "terraform-20240710193557939600000001",
            "name_prefix": "",
            "network_config": [
              {
                "create_pod_range": false,
                "enable_private_nodes": false,
                "network_performance_config": [],
                "pod_cidr_overprovision_config": [],
                "pod_ipv4_cidr_block": "10.76.0.0/14",
                "pod_range": "gke-my-gke-cluster-pods-23cb415a"
              }
            ],
            "node_config": [
              {
                "advanced_machine_features": [],
                "boot_disk_kms_key": "",
                "confidential_nodes": [],
                "containerd_config": [],
                "disk_size_gb": 100,
                "disk_type": "pd-balanced",
                "effective_taints": [],
                "enable_confidential_storage": false,
                "ephemeral_storage_local_ssd_config": [],
                "fast_socket": [],
                "gcfs_config": [],
                "guest_accelerator": [],
                "gvnic": [],
                "host_maintenance_policy": [],
                "image_type": "COS_CONTAINERD",
                "kubelet_config": [],
                "labels": {},
                "linux_node_config": [],
                "local_nvme_ssd_block_config": [],
                "local_ssd_count": 0,
                "logging_variant": "DEFAULT",
                "machine_type": "e2-medium",
                "metadata": {
                  "disable-legacy-endpoints": "true"
                },
                "min_cpu_platform": "",
                "node_group": "",
                "oauth_scopes": [
                  "https://www.googleapis.com/auth/cloud-platform"
                ],
                "preemptible": true,
                "reservation_affinity": [],
                "resource_labels": null,
                "resource_manager_tags": null,
                "secondary_boot_disks": [],
                "service_account": "default",
                "shielded_instance_config": [
                  {
                    "enable_integrity_monitoring": true,
                    "enable_secure_boot": false
                  }
                ],
                "sole_tenant_config": [],
                "spot": false,
                "tags": null,
                "taint": [],
                "workload_metadata_config": []
              }
            ],
            "node_count": 1,
            "node_locations": [
              "europe-west1-d"
            ],
            "operation": null,
            "placement_policy": [],
            "project": "lofty-shine-427016-t2",
            "queued_provisioning": [],
            "timeouts": null,
            "upgrade_settings": [
              {
                "blue_green_settings": [],
                "max_surge": 1,
                "max_unavailable": 0,
                "strategy": "SURGE"
              }
            ],
            "version": "1.29.4-gke.1043004"
          },
          "sensitive_attributes": [],
          "private": "eyJlMmJmYjczMC1lY2FhLTExZTYtOGY4OC0zNDM2M2JjN2M0YzAiOnsiY3JlYXRlIjoxODAwMDAwMDAwMDAwLCJkZWxldGUiOjE4MDAwMDAwMDAwMDAsInVwZGF0ZSI6MTgwMDAwMDAwMDAwMH0sInNjaGVtYV92ZXJzaW9uIjoiMSJ9",
          "dependencies": [
            "google_container_cluster.primary"
          ]
        }
      ]
    }
  ],
  "check_results": null
}
