{
  "version": 4,
  "terraform_version": "1.5.0",
  "serial": 56,
  "lineage": "2c4e9964-9d03-5432-2c23-27b5ff0eb3d6",
  "outputs": {
    "client_certificate": {
      "value": "",
      "type": "string"
    },
    "client_key": {
      "value": "",
      "type": "string",
      "sensitive": true
    },
    "cluster_ca_certificate": {
      "value": "-----BEGIN CERTIFICATE-----\nMIIELDCCApSgAwIBAgIQdBdr5bW/DL2JSF7/ZA/1fjANBgkqhkiG9w0BAQsFADAv\nMS0wKwYDVQQDEyQ4YTI3Y2MzMC0wNzhiLTQzMzQtYjQ3ZS0xOTI4ZjIzMTFkYWUw\nIBcNMjQwNzE5MTEwMTMyWhgPMjA1NDA3MTIxMjAxMzJaMC8xLTArBgNVBAMTJDhh\nMjdjYzMwLTA3OGItNDMzNC1iNDdlLTE5MjhmMjMxMWRhZTCCAaIwDQYJKoZIhvcN\nAQEBBQADggGPADCCAYoCggGBAMSayFI7r4ZNX6hQx8pUBcirQ90h+gyvvLu7Jy6i\najDrf8GwjF4oZfN9eg9O8gwy2AI1qxJWeGZ+0ME5u9y99TdsSCBko08F3r3pICn0\nyykTSCWVUyKIOb696OUsx580E5l4QiRf9qS+MGaOywIt+tbv1CqqJbXszAKlRGOp\nFNiGUC6hYuKaYQB8Pow3BX8N91//N0SMOD4SrF6V3MiiWVLbvY4X92voFKip6Xux\ngyANb8gB1/lOwg5oM8eyQGoiWphh7cJivlOX39XbDo00Kjyxr7ms33+OxsRXP+tF\nxXM9Z8P+zSBDQHdVKGTXpmIWynzLM3PnLD5FfOEiym1aavicqbd829Bfn8vFERkT\nZaqObqK35IqXb8E1phHh55oSbCQLczIbzw5qdMwGb2pFJAyEHQYKoxA0NTVVn64i\noG40PUPBOaNTedELv/e05GLSspcMBBuAG6hfQEpYStBOW67S6OlYqdG88i41xMq5\nnbGwLNNYaDv1yqBENoLj/phcCwIDAQABo0IwQDAOBgNVHQ8BAf8EBAMCAgQwDwYD\nVR0TAQH/BAUwAwEB/zAdBgNVHQ4EFgQUsIalpJujrxx0gF+qmclgJDClrP0wDQYJ\nKoZIhvcNAQELBQADggGBAEhPClN3BVzvQnF/FFbvPMvgw2zDlp1ft9KYShVtgzUG\njbgeuNWhZaZBB5l+nGOSbIeoTG/KTDB4rgRp3temfEvRGqUw3PbDG9dIRtNJt5Sa\n2ZdUmnmSFtaeZTU4mZ4s1At+lmMvf+W/3H+QxOe4B8w/ndu1Q/GBKWaDNtdm9hMf\n4yRp0GiGvUQPBO26d2Ra3Kj09PgvYbXfyQldPVmkQvfIy8zMJwQBm3eyeFbPeGfU\n5WGFZItnMz+BZQWvEXx0vZwoCiypToLDqOux09/A5hvNXDMCBmYjdj3qP36mnZ/E\nh/exoNGGbDa6Dak3gJIA2JOx5MRW0AMzlB7FAkj7dVrDuqP7qVCXY00hpJYJ/0qh\nMUds2hQgJuLtNJeRhinZ8IQTzcfjSueFPo6e/aYIBmo387D9G/LctW3Hqkn6ea5u\nCD5gj1fX9DgSSiCI1d58LW9NOdj1i2arMaUgf2eHQvZLAtw9QVV6xsDenIozRfkn\nWqwdC5X6rkpsLZE9hQTvxw==\n-----END CERTIFICATE-----\n",
      "type": "string"
    },
    "kubeconfig": {
      "value": "35.233.82.161",
      "type": "string"
    }
  },
  "resources": [
    {
      "mode": "data",
      "type": "external",
      "name": "service_account_key",
      "provider": "provider[\"registry.terraform.io/hashicorp/external\"]",
      "instances": [
        {
          "schema_version": 0,
          "attributes": {
            "id": "-",
            "program": [
              "bash",
              "./fetch_secret.sh",
              "service-account-key",
              "lofty-shine-427016-t2"
            ],
            "query": null,
            "result": {
              "secret_data": "{\n  \"type\": \"service_account\",\n  \"project_id\": \"lofty-shine-427016-t2\",\n  \"private_key_id\": \"587aaaabf1994e692846de46b25d9cbaa132482e\",\n  \"private_key\": \"-----BEGIN PRIVATE KEY-----\\nMIIEvAIBADANBgkqhkiG9w0BAQEFAASCBKYwggSiAgEAAoIBAQDTEzkB0EAUuN8V\\nNIN7urfwLkev7zJqAdt8wOCA/YFXjML5QTi/2x27oFZrnZQ4WwPD0inclz8Ydaec\\nSUnuNgv/IDzWhNr3UYSxrpcSee0g6CV8wwyKRrKkJLSwqhiXFS5gLjYqvoWIr+TK\\nKknPCN6vG0lWwtCIKdkVzzHVP6dSJahgaen3FrcVnkOeTbntfrjBLY3mtsPftGOH\\nLJxVz4R/y8VSrI7OxSorDGT5j9AtOWgg+19vpwmwxyiNcCjmaNZDFgSk83n1R1wd\\nYma2EnvTJGJ6jqyuV5tRBiH9w6KRJO4E1qeRGPCHbOR3oH5hbCT+lI2JMTqPkWiH\\n/aeAlO7zAgMBAAECggEAOxIlIRnL5UC7xe51YZomwgPhsh4KCNrON0KvUcogeYT+\\nR811+VN0Jb9AkEuAYKkwC4x0hLSbRtgeeUGVfCIKB3NZM1vo/9ADh8ppoxUWROBT\\nJXBcwRH6Cq/vFYX07ctSuD4WkK3TJya6q81b7KH52B2Vz78jpwe3JkBfHOP8iqNX\\nFkpUAFgbXp1vIbe0sdxfxfOA3YY4orBBmh1NZ9zn4+G5OrecwBzjzaApEGR3WnJ/\\n8HJhZhY5uhLWfOGE2CUsfyudB9fpILNCsiTVH6RRbmCk+eMF1OzDnayG/wewA/BL\\nJdOokMgq3F0fMRwh1UAeJGaa7ZQNQcr+flFHitvRyQKBgQDzQ2b+e2QapfXjUdeZ\\nbY9pmlX9C+ctnvGsonXlC0jEUo7jbzQtxlG40N52Pc2VzJUw1P6wlukOVv5isprJ\\n7EOLC+Hu6zHLKUNPOurYicMpPobKymRCvbpKwvZtuKodN+WWSqq9y3TWl/HC8uKX\\nXCqKBZ3xYqW9SyUMtcDN38zirQKBgQDeIGImXJy3HQfA20s6l8mn+YDVqpJPWT58\\n9p94D1rbWwLGRhy5wKvHEulSAe5du9uUyXMBYvUeJLHjYSY36ffk4t5v32bN0QyW\\nQ/8qZWexHvbZBGao3MWsTrDhJoI0KUxO6w3wt4T6+85TW8yPFMAHlboVmEX3w1oc\\noUNQhMbsHwKBgGKGBv3EnduJIdhqekair/XWU0NEgeHhQQJpXhRhCJyyzzpf/KMZ\\nclnHBoKfL1efX0FC0tBUnpl3NFpm+fgUH5r+OghY63bcBG3fb+Q5j3hx4Yfahtbd\\nHslOwx3XL9bbn7nKDfMGpxCOw5TwaENjSbtS4RA1oujSuXO3XRpErSeVAoGAWqMw\\nKaMkt3t7DHDvM4t4V7hxn74oUYSDAQ7JZ34sftGWQj2dvxYlgefvmOz8zPa41O+W\\no/wzNQeYJsYfiDVKV/VS+qdYFae10SMR3cTfGOEfrNIk6cacSoEZn+XMv2gSoSk8\\n2PqpophZSp5sy/2VlgK8mc82zbDC9me/Rf3IBdUCgYBarsaxMa1A9ERb35sdjt4Q\\nIfLgcB9YZ6zTtjOc7XgfD2j4i2hdgblaapcMmz1OJmiTwSxbU62z5lxEPKaa/G1z\\nYGs1T03E+qgwB1qoNs+buSmxeBN9jqoMABgJPdDuu2WlZQFW9fyIm3VelRHQ43Cg\\nQv9rIoLq2C+JvdoU/ICjDQ==\\n-----END PRIVATE KEY-----\\n\",\n  \"client_email\": \"terraform-service-account@lofty-shine-427016-t2.iam.gserviceaccount.com\",\n  \"client_id\": \"105567693976764784892\",\n  \"auth_uri\": \"https://accounts.google.com/o/oauth2/auth\",\n  \"token_uri\": \"https://oauth2.googleapis.com/token\",\n  \"auth_provider_x509_cert_url\": \"https://www.googleapis.com/oauth2/v1/certs\",\n  \"client_x509_cert_url\": \"https://www.googleapis.com/robot/v1/metadata/x509/terraform-service-account%40lofty-shine-427016-t2.iam.gserviceaccount.com\",\n  \"universe_domain\": \"googleapis.com\"\n}\n"
            },
            "working_dir": null
          },
          "sensitive_attributes": []
        }
      ]
    },
    {
      "mode": "data",
      "type": "google_secret_manager_secret_version",
      "name": "service_account_key",
      "provider": "provider[\"registry.terraform.io/hashicorp/google\"]",
      "instances": [
        {
          "schema_version": 0,
          "attributes": {
            "create_time": "2024-07-19T10:51:01.140613Z",
            "destroy_time": null,
            "enabled": true,
            "id": "projects/1080166062148/secrets/service-account-key/versions/1",
            "name": "projects/1080166062148/secrets/service-account-key/versions/1",
            "project": "lofty-shine-427016-t2",
            "secret": "service-account-key",
            "secret_data": "{\n  \"type\": \"service_account\",\n  \"project_id\": \"lofty-shine-427016-t2\",\n  \"private_key_id\": \"587aaaabf1994e692846de46b25d9cbaa132482e\",\n  \"private_key\": \"-----BEGIN PRIVATE KEY-----\\nMIIEvAIBADANBgkqhkiG9w0BAQEFAASCBKYwggSiAgEAAoIBAQDTEzkB0EAUuN8V\\nNIN7urfwLkev7zJqAdt8wOCA/YFXjML5QTi/2x27oFZrnZQ4WwPD0inclz8Ydaec\\nSUnuNgv/IDzWhNr3UYSxrpcSee0g6CV8wwyKRrKkJLSwqhiXFS5gLjYqvoWIr+TK\\nKknPCN6vG0lWwtCIKdkVzzHVP6dSJahgaen3FrcVnkOeTbntfrjBLY3mtsPftGOH\\nLJxVz4R/y8VSrI7OxSorDGT5j9AtOWgg+19vpwmwxyiNcCjmaNZDFgSk83n1R1wd\\nYma2EnvTJGJ6jqyuV5tRBiH9w6KRJO4E1qeRGPCHbOR3oH5hbCT+lI2JMTqPkWiH\\n/aeAlO7zAgMBAAECggEAOxIlIRnL5UC7xe51YZomwgPhsh4KCNrON0KvUcogeYT+\\nR811+VN0Jb9AkEuAYKkwC4x0hLSbRtgeeUGVfCIKB3NZM1vo/9ADh8ppoxUWROBT\\nJXBcwRH6Cq/vFYX07ctSuD4WkK3TJya6q81b7KH52B2Vz78jpwe3JkBfHOP8iqNX\\nFkpUAFgbXp1vIbe0sdxfxfOA3YY4orBBmh1NZ9zn4+G5OrecwBzjzaApEGR3WnJ/\\n8HJhZhY5uhLWfOGE2CUsfyudB9fpILNCsiTVH6RRbmCk+eMF1OzDnayG/wewA/BL\\nJdOokMgq3F0fMRwh1UAeJGaa7ZQNQcr+flFHitvRyQKBgQDzQ2b+e2QapfXjUdeZ\\nbY9pmlX9C+ctnvGsonXlC0jEUo7jbzQtxlG40N52Pc2VzJUw1P6wlukOVv5isprJ\\n7EOLC+Hu6zHLKUNPOurYicMpPobKymRCvbpKwvZtuKodN+WWSqq9y3TWl/HC8uKX\\nXCqKBZ3xYqW9SyUMtcDN38zirQKBgQDeIGImXJy3HQfA20s6l8mn+YDVqpJPWT58\\n9p94D1rbWwLGRhy5wKvHEulSAe5du9uUyXMBYvUeJLHjYSY36ffk4t5v32bN0QyW\\nQ/8qZWexHvbZBGao3MWsTrDhJoI0KUxO6w3wt4T6+85TW8yPFMAHlboVmEX3w1oc\\noUNQhMbsHwKBgGKGBv3EnduJIdhqekair/XWU0NEgeHhQQJpXhRhCJyyzzpf/KMZ\\nclnHBoKfL1efX0FC0tBUnpl3NFpm+fgUH5r+OghY63bcBG3fb+Q5j3hx4Yfahtbd\\nHslOwx3XL9bbn7nKDfMGpxCOw5TwaENjSbtS4RA1oujSuXO3XRpErSeVAoGAWqMw\\nKaMkt3t7DHDvM4t4V7hxn74oUYSDAQ7JZ34sftGWQj2dvxYlgefvmOz8zPa41O+W\\no/wzNQeYJsYfiDVKV/VS+qdYFae10SMR3cTfGOEfrNIk6cacSoEZn+XMv2gSoSk8\\n2PqpophZSp5sy/2VlgK8mc82zbDC9me/Rf3IBdUCgYBarsaxMa1A9ERb35sdjt4Q\\nIfLgcB9YZ6zTtjOc7XgfD2j4i2hdgblaapcMmz1OJmiTwSxbU62z5lxEPKaa/G1z\\nYGs1T03E+qgwB1qoNs+buSmxeBN9jqoMABgJPdDuu2WlZQFW9fyIm3VelRHQ43Cg\\nQv9rIoLq2C+JvdoU/ICjDQ==\\n-----END PRIVATE KEY-----\\n\",\n  \"client_email\": \"terraform-service-account@lofty-shine-427016-t2.iam.gserviceaccount.com\",\n  \"client_id\": \"105567693976764784892\",\n  \"auth_uri\": \"https://accounts.google.com/o/oauth2/auth\",\n  \"token_uri\": \"https://oauth2.googleapis.com/token\",\n  \"auth_provider_x509_cert_url\": \"https://www.googleapis.com/oauth2/v1/certs\",\n  \"client_x509_cert_url\": \"https://www.googleapis.com/robot/v1/metadata/x509/terraform-service-account%40lofty-shine-427016-t2.iam.gserviceaccount.com\",\n  \"universe_domain\": \"googleapis.com\"\n}\n",
            "version": "1"
          },
          "sensitive_attributes": []
        }
      ]
    },
    {
      "mode": "managed",
      "type": "google_container_cluster",
      "name": "primary",
      "provider": "provider[\"registry.terraform.io/hashicorp/google\"]",
      "instances": [
        {
          "schema_version": 2,
          "attributes": {
            "addons_config": [
              {
                "cloudrun_config": [],
                "config_connector_config": [],
                "dns_cache_config": [],
                "gce_persistent_disk_csi_driver_config": [
                  {
                    "enabled": true
                  }
                ],
                "gcp_filestore_csi_driver_config": [],
                "gcs_fuse_csi_driver_config": [],
                "gke_backup_agent_config": [],
                "horizontal_pod_autoscaling": [],
                "http_load_balancing": [],
                "network_policy_config": [
                  {
                    "disabled": true
                  }
                ],
                "stateful_ha_config": []
              }
            ],
            "allow_net_admin": null,
            "authenticator_groups_config": [],
            "binary_authorization": [
              {
                "enabled": false,
                "evaluation_mode": ""
              }
            ],
            "cluster_autoscaling": [
              {
                "auto_provisioning_defaults": [],
                "autoscaling_profile": "BALANCED",
                "enabled": false,
                "resource_limits": []
              }
            ],
            "cluster_ipv4_cidr": "10.92.0.0/14",
            "confidential_nodes": [],
            "cost_management_config": [],
            "database_encryption": [
              {
                "key_name": "",
                "state": "DECRYPTED"
              }
            ],
            "datapath_provider": "",
            "default_max_pods_per_node": 110,
            "default_snat_status": [
              {
                "disabled": false
              }
            ],
            "deletion_protection": false,
            "description": "",
            "dns_config": [],
            "enable_autopilot": false,
            "enable_cilium_clusterwide_network_policy": false,
            "enable_intranode_visibility": false,
            "enable_k8s_beta_apis": [],
            "enable_kubernetes_alpha": false,
            "enable_l4_ilb_subsetting": false,
            "enable_legacy_abac": false,
            "enable_shielded_nodes": true,
            "enable_tpu": false,
            "endpoint": "35.233.82.161",
            "fleet": [],
            "gateway_api_config": [],
            "id": "projects/lofty-shine-427016-t2/locations/europe-west1-d/clusters/my-gke-cluster",
            "identity_service_config": [],
            "initial_node_count": 1,
            "ip_allocation_policy": [
              {
                "additional_pod_ranges_config": [],
                "cluster_ipv4_cidr_block": "10.92.0.0/14",
                "cluster_secondary_range_name": "gke-my-gke-cluster-pods-b1df5d0c",
                "pod_cidr_overprovision_config": [
                  {
                    "disabled": false
                  }
                ],
                "services_ipv4_cidr_block": "34.118.224.0/20",
                "services_secondary_range_name": "",
                "stack_type": "IPV4"
              }
            ],
            "label_fingerprint": "a9dc16a7",
            "location": "europe-west1-d",
            "logging_config": [
              {
                "enable_components": [
                  "SYSTEM_COMPONENTS",
                  "WORKLOADS"
                ]
              }
            ],
            "logging_service": "logging.googleapis.com/kubernetes",
            "maintenance_policy": [],
            "master_auth": [
              {
                "client_certificate": "",
                "client_certificate_config": [
                  {
                    "issue_client_certificate": false
                  }
                ],
                "client_key": "",
                "cluster_ca_certificate": "LS0tLS1CRUdJTiBDRVJUSUZJQ0FURS0tLS0tCk1JSUVMRENDQXBTZ0F3SUJBZ0lRZEJkcjViVy9ETDJKU0Y3L1pBLzFmakFOQmdrcWhraUc5dzBCQVFzRkFEQXYKTVMwd0t3WURWUVFERXlRNFlUSTNZMk16TUMwd056aGlMVFF6TXpRdFlqUTNaUzB4T1RJNFpqSXpNVEZrWVdVdwpJQmNOTWpRd056RTVNVEV3TVRNeVdoZ1BNakExTkRBM01USXhNakF4TXpKYU1DOHhMVEFyQmdOVkJBTVRKRGhoCk1qZGpZek13TFRBM09HSXRORE16TkMxaU5EZGxMVEU1TWpobU1qTXhNV1JoWlRDQ0FhSXdEUVlKS29aSWh2Y04KQVFFQkJRQURnZ0dQQURDQ0FZb0NnZ0dCQU1TYXlGSTdyNFpOWDZoUXg4cFVCY2lyUTkwaCtneXZ2THU3Snk2aQphakRyZjhHd2pGNG9aZk45ZWc5Tzhnd3kyQUkxcXhKV2VHWiswTUU1dTl5OTlUZHNTQ0JrbzA4RjNyM3BJQ24wCnl5a1RTQ1dWVXlLSU9iNjk2T1VzeDU4MEU1bDRRaVJmOXFTK01HYU95d0l0K3RidjFDcXFKYlhzekFLbFJHT3AKRk5pR1VDNmhZdUthWVFCOFBvdzNCWDhOOTEvL04wU01PRDRTckY2VjNNaWlXVkxidlk0WDkydm9GS2lwNlh1eApneUFOYjhnQjEvbE93ZzVvTThleVFHb2lXcGhoN2NKaXZsT1gzOVhiRG8wMEtqeXhyN21zMzMrT3hzUlhQK3RGCnhYTTlaOFArelNCRFFIZFZLR1RYcG1JV3luekxNM1BuTEQ1RmZPRWl5bTFhYXZpY3FiZDgyOUJmbjh2RkVSa1QKWmFxT2JxSzM1SXFYYjhFMXBoSGg1NW9TYkNRTGN6SWJ6dzVxZE13R2IycEZKQXlFSFFZS294QTBOVFZWbjY0aQpvRzQwUFVQQk9hTlRlZEVMdi9lMDVHTFNzcGNNQkJ1QUc2aGZRRXBZU3RCT1c2N1M2T2xZcWRHODhpNDF4TXE1Cm5iR3dMTk5ZYUR2MXlxQkVOb0xqL3BoY0N3SURBUUFCbzBJd1FEQU9CZ05WSFE4QkFmOEVCQU1DQWdRd0R3WUQKVlIwVEFRSC9CQVV3QXdFQi96QWRCZ05WSFE0RUZnUVVzSWFscEp1anJ4eDBnRitxbWNsZ0pEQ2xyUDB3RFFZSgpLb1pJaHZjTkFRRUxCUUFEZ2dHQkFFaFBDbE4zQlZ6dlFuRi9GRmJ2UE12Z3cyekRscDFmdDlLWVNoVnRnelVHCmpiZ2V1TldoWmFaQkI1bCtuR09TYkllb1RHL0tUREI0cmdScDN0ZW1mRXZSR3FVdzNQYkRHOWRJUnROSnQ1U2EKMlpkVW1ubVNGdGFlWlRVNG1aNHMxQXQrbG1NdmYrVy8zSCtReE9lNEI4dy9uZHUxUS9HQktXYUROdGRtOWhNZgo0eVJwMEdpR3ZVUVBCTzI2ZDJSYTNLajA5UGd2WWJYZnlRbGRQVm1rUXZmSXk4ek1Kd1FCbTNleWVGYlBlR2ZVCjVXR0ZaSXRuTXorQlpRV3ZFWHgwdlp3b0NpeXBUb0xEcU91eDA5L0E1aHZOWERNQ0JtWWpkajNxUDM2bW5aL0UKaC9leG9OR0diRGE2RGFrM2dKSUEySk94NU1SVzBBTXpsQjdGQWtqN2RWckR1cVA3cVZDWFkwMGhwSllKLzBxaApNVWRzMmhRZ0p1THROSmVSaGluWjhJUVR6Y2ZqU3VlRlBvNmUvYVlJQm1vMzg3RDlHL0xjdFczSHFrbjZlYTV1CkNENWdqMWZYOURnU1NpQ0kxZDU4TFc5Tk9kajFpMmFyTWFVZ2YyZUhRdlpMQXR3OVFWVjZ4c0RlbklvelJma24KV3F3ZEM1WDZya3BzTFpFOWhRVHZ4dz09Ci0tLS0tRU5EIENFUlRJRklDQVRFLS0tLS0K"
              }
            ],
            "master_authorized_networks_config": [],
            "master_version": "1.29.5-gke.1091002",
            "mesh_certificates": [],
            "min_master_version": null,
            "monitoring_config": [
              {
                "advanced_datapath_observability_config": [
                  {
                    "enable_metrics": false,
                    "enable_relay": false,
                    "relay_mode": "DISABLED"
                  }
                ],
                "enable_components": [
                  "SYSTEM_COMPONENTS"
                ],
                "managed_prometheus": [
                  {
                    "enabled": true
                  }
                ]
              }
            ],
            "monitoring_service": "monitoring.googleapis.com/kubernetes",
            "name": "my-gke-cluster",
            "network": "projects/lofty-shine-427016-t2/global/networks/default",
            "network_policy": [
              {
                "enabled": false,
                "provider": "PROVIDER_UNSPECIFIED"
              }
            ],
            "networking_mode": "VPC_NATIVE",
            "node_config": [
              {
                "advanced_machine_features": [],
                "boot_disk_kms_key": "",
                "confidential_nodes": [],
                "containerd_config": [],
                "disk_size_gb": 100,
                "disk_type": "pd-balanced",
                "effective_taints": [],
                "enable_confidential_storage": false,
                "ephemeral_storage_local_ssd_config": [],
                "fast_socket": [],
                "gcfs_config": [],
                "guest_accelerator": [],
                "gvnic": [],
                "host_maintenance_policy": [],
                "image_type": "COS_CONTAINERD",
                "kubelet_config": [],
                "labels": {},
                "linux_node_config": [],
                "local_nvme_ssd_block_config": [],
                "local_ssd_count": 0,
                "logging_variant": "DEFAULT",
                "machine_type": "e2-medium",
                "metadata": {
                  "disable-legacy-endpoints": "true"
                },
                "min_cpu_platform": "",
                "node_group": "",
                "oauth_scopes": [
                  "https://www.googleapis.com/auth/devstorage.read_only",
                  "https://www.googleapis.com/auth/logging.write",
                  "https://www.googleapis.com/auth/monitoring",
                  "https://www.googleapis.com/auth/service.management.readonly",
                  "https://www.googleapis.com/auth/servicecontrol",
                  "https://www.googleapis.com/auth/trace.append"
                ],
                "preemptible": false,
                "reservation_affinity": [],
                "resource_labels": null,
                "resource_manager_tags": null,
                "secondary_boot_disks": [],
                "service_account": "default",
                "shielded_instance_config": [
                  {
                    "enable_integrity_monitoring": true,
                    "enable_secure_boot": false
                  }
                ],
                "sole_tenant_config": [],
                "spot": false,
                "tags": null,
                "taint": [],
                "workload_metadata_config": []
              }
            ],
            "node_locations": [],
            "node_pool": [
              {
                "autoscaling": [],
                "initial_node_count": 1,
                "instance_group_urls": [
                  "https://www.googleapis.com/compute/v1/projects/lofty-shine-427016-t2/zones/europe-west1-d/instanceGroupManagers/gke-my-gke-cluster-default-pool-10819131-grp"
                ],
                "managed_instance_group_urls": [
                  "https://www.googleapis.com/compute/v1/projects/lofty-shine-427016-t2/zones/europe-west1-d/instanceGroups/gke-my-gke-cluster-default-pool-10819131-grp"
                ],
                "management": [
                  {
                    "auto_repair": true,
                    "auto_upgrade": true
                  }
                ],
                "max_pods_per_node": 110,
                "name": "default-pool",
                "name_prefix": "",
                "network_config": [
                  {
                    "create_pod_range": false,
                    "enable_private_nodes": false,
                    "network_performance_config": [],
                    "pod_cidr_overprovision_config": [],
                    "pod_ipv4_cidr_block": "10.92.0.0/14",
                    "pod_range": "gke-my-gke-cluster-pods-b1df5d0c"
                  }
                ],
                "node_config": [
                  {
                    "advanced_machine_features": [],
                    "boot_disk_kms_key": "",
                    "confidential_nodes": [],
                    "containerd_config": [],
                    "disk_size_gb": 100,
                    "disk_type": "pd-balanced",
                    "effective_taints": [],
                    "enable_confidential_storage": false,
                    "ephemeral_storage_local_ssd_config": [],
                    "fast_socket": [],
                    "gcfs_config": [],
                    "guest_accelerator": [],
                    "gvnic": [],
                    "host_maintenance_policy": [],
                    "image_type": "COS_CONTAINERD",
                    "kubelet_config": [],
                    "labels": {},
                    "linux_node_config": [],
                    "local_nvme_ssd_block_config": [],
                    "local_ssd_count": 0,
                    "logging_variant": "DEFAULT",
                    "machine_type": "e2-medium",
                    "metadata": {
                      "disable-legacy-endpoints": "true"
                    },
                    "min_cpu_platform": "",
                    "node_group": "",
                    "oauth_scopes": [
                      "https://www.googleapis.com/auth/devstorage.read_only",
                      "https://www.googleapis.com/auth/logging.write",
                      "https://www.googleapis.com/auth/monitoring",
                      "https://www.googleapis.com/auth/service.management.readonly",
                      "https://www.googleapis.com/auth/servicecontrol",
                      "https://www.googleapis.com/auth/trace.append"
                    ],
                    "preemptible": false,
                    "reservation_affinity": [],
                    "resource_labels": {},
                    "resource_manager_tags": {},
                    "secondary_boot_disks": [],
                    "service_account": "default",
                    "shielded_instance_config": [
                      {
                        "enable_integrity_monitoring": true,
                        "enable_secure_boot": false
                      }
                    ],
                    "sole_tenant_config": [],
                    "spot": false,
                    "tags": [],
                    "taint": [],
                    "workload_metadata_config": []
                  }
                ],
                "node_count": 1,
                "node_locations": [
                  "europe-west1-d"
                ],
                "placement_policy": [],
                "queued_provisioning": [],
                "upgrade_settings": [
                  {
                    "blue_green_settings": [],
                    "max_surge": 1,
                    "max_unavailable": 0,
                    "strategy": "SURGE"
                  }
                ],
                "version": "1.29.5-gke.1091002"
              }
            ],
            "node_pool_auto_config": [],
            "node_pool_defaults": [
              {
                "node_config_defaults": [
                  {
                    "containerd_config": [],
                    "logging_variant": "DEFAULT"
                  }
                ]
              }
            ],
            "node_version": "1.29.5-gke.1091002",
            "notification_config": [
              {
                "pubsub": [
                  {
                    "enabled": false,
                    "filter": [],
                    "topic": ""
                  }
                ]
              }
            ],
            "operation": null,
            "private_cluster_config": [
              {
                "enable_private_endpoint": false,
                "enable_private_nodes": false,
                "master_global_access_config": [
                  {
                    "enabled": false
                  }
                ],
                "master_ipv4_cidr_block": "",
                "peering_name": "",
                "private_endpoint": "10.132.0.32",
                "private_endpoint_subnetwork": "",
                "public_endpoint": "35.233.82.161"
              }
            ],
            "private_ipv6_google_access": "",
            "project": "lofty-shine-427016-t2",
            "release_channel": [
              {
                "channel": "REGULAR"
              }
            ],
            "remove_default_node_pool": null,
            "resource_labels": null,
            "resource_usage_export_config": [],
            "security_posture_config": [
              {
                "mode": "BASIC",
                "vulnerability_mode": "VULNERABILITY_MODE_UNSPECIFIED"
              }
            ],
            "self_link": "https://container.googleapis.com/v1/projects/lofty-shine-427016-t2/zones/europe-west1-d/clusters/my-gke-cluster",
            "service_external_ips_config": [
              {
                "enabled": false
              }
            ],
            "services_ipv4_cidr": "34.118.224.0/20",
            "subnetwork": "projects/lofty-shine-427016-t2/regions/europe-west1/subnetworks/default",
            "timeouts": null,
            "tpu_ipv4_cidr_block": "",
            "vertical_pod_autoscaling": [],
            "workload_identity_config": []
          },
          "sensitive_attributes": [],
          "private": "eyJlMmJmYjczMC1lY2FhLTExZTYtOGY4OC0zNDM2M2JjN2M0YzAiOnsiY3JlYXRlIjoyNDAwMDAwMDAwMDAwLCJkZWxldGUiOjI0MDAwMDAwMDAwMDAsInJlYWQiOjI0MDAwMDAwMDAwMDAsInVwZGF0ZSI6MzYwMDAwMDAwMDAwMH0sInNjaGVtYV92ZXJzaW9uIjoiMiJ9",
          "dependencies": [
            "data.external.service_account_key"
          ]
        }
      ]
    },
    {
      "mode": "managed",
      "type": "google_container_node_pool",
      "name": "primary_nodes",
      "provider": "provider[\"registry.terraform.io/hashicorp/google\"]",
      "instances": [
        {
          "schema_version": 1,
          "attributes": {
            "autoscaling": [],
            "cluster": "my-gke-cluster",
            "id": "projects/lofty-shine-427016-t2/locations/europe-west1-d/clusters/my-gke-cluster/nodePools/terraform-20240719120754897900000001",
            "initial_node_count": 1,
            "instance_group_urls": [
              "https://www.googleapis.com/compute/v1/projects/lofty-shine-427016-t2/zones/europe-west1-d/instanceGroupManagers/gke-my-gke-cluster-terraform-20240719-bc4df2f5-grp"
            ],
            "location": "europe-west1-d",
            "managed_instance_group_urls": [
              "https://www.googleapis.com/compute/v1/projects/lofty-shine-427016-t2/zones/europe-west1-d/instanceGroups/gke-my-gke-cluster-terraform-20240719-bc4df2f5-grp"
            ],
            "management": [
              {
                "auto_repair": true,
                "auto_upgrade": true
              }
            ],
            "max_pods_per_node": 110,
            "name": "terraform-20240719120754897900000001",
            "name_prefix": "",
            "network_config": [
              {
                "create_pod_range": false,
                "enable_private_nodes": false,
                "network_performance_config": [],
                "pod_cidr_overprovision_config": [],
                "pod_ipv4_cidr_block": "10.92.0.0/14",
                "pod_range": "gke-my-gke-cluster-pods-b1df5d0c"
              }
            ],
            "node_config": [
              {
                "advanced_machine_features": [],
                "boot_disk_kms_key": "",
                "confidential_nodes": [],
                "containerd_config": [],
                "disk_size_gb": 100,
                "disk_type": "pd-balanced",
                "effective_taints": [],
                "enable_confidential_storage": false,
                "ephemeral_storage_local_ssd_config": [],
                "fast_socket": [],
                "gcfs_config": [],
                "guest_accelerator": [],
                "gvnic": [],
                "host_maintenance_policy": [],
                "image_type": "COS_CONTAINERD",
                "kubelet_config": [],
                "labels": {},
                "linux_node_config": [],
                "local_nvme_ssd_block_config": [],
                "local_ssd_count": 0,
                "logging_variant": "DEFAULT",
                "machine_type": "e2-medium",
                "metadata": {
                  "disable-legacy-endpoints": "true"
                },
                "min_cpu_platform": "",
                "node_group": "",
                "oauth_scopes": [
                  "https://www.googleapis.com/auth/cloud-platform"
                ],
                "preemptible": true,
                "reservation_affinity": [],
                "resource_labels": null,
                "resource_manager_tags": null,
                "secondary_boot_disks": [],
                "service_account": "default",
                "shielded_instance_config": [
                  {
                    "enable_integrity_monitoring": true,
                    "enable_secure_boot": false
                  }
                ],
                "sole_tenant_config": [],
                "spot": false,
                "tags": null,
                "taint": [],
                "workload_metadata_config": []
              }
            ],
            "node_count": 1,
            "node_locations": [
              "europe-west1-d"
            ],
            "operation": null,
            "placement_policy": [],
            "project": "lofty-shine-427016-t2",
            "queued_provisioning": [],
            "timeouts": null,
            "upgrade_settings": [
              {
                "blue_green_settings": [],
                "max_surge": 1,
                "max_unavailable": 0,
                "strategy": "SURGE"
              }
            ],
            "version": "1.29.5-gke.1091002"
          },
          "sensitive_attributes": [],
          "private": "eyJlMmJmYjczMC1lY2FhLTExZTYtOGY4OC0zNDM2M2JjN2M0YzAiOnsiY3JlYXRlIjoxODAwMDAwMDAwMDAwLCJkZWxldGUiOjE4MDAwMDAwMDAwMDAsInVwZGF0ZSI6MTgwMDAwMDAwMDAwMH0sInNjaGVtYV92ZXJzaW9uIjoiMSJ9",
          "dependencies": [
            "data.external.service_account_key",
            "google_container_cluster.primary"
          ]
        }
      ]
    }
  ],
  "check_results": null
}
